Microsoft Visual Studio Solution File, Format Version 12.00
# Visual Studio 2012
Project("{FAE04EC0-301F-11D3-BF4B-00C04F79EFBC}") = "pflanzaguchi", "pflanzaguchi.csproj", "{BC0D1677-A55C-4129-B39F-15881367811D}"
EndProject
Global
	GlobalSection(SolutionConfigurationPlatforms) = preSolution
	Debug|Any CPU = Debug|Any CPU
	Release|Any CPU = Release|Any CPU
	Tools|Any CPU = Tools|Any CPU
	EndGlobalSection
	GlobalSection(ProjectConfigurationPlatforms) = postSolution
		{BC0D1677-A55C-4129-B39F-15881367811D}.Debug|Any CPU.ActiveCfg = Debug|Any CPU
		{BC0D1677-A55C-4129-B39F-15881367811D}.Debug|Any CPU.Build.0 = Debug|Any CPU
		{BC0D1677-A55C-4129-B39F-15881367811D}.Release|Any CPU.ActiveCfg = Release|Any CPU
		{BC0D1677-A55C-4129-B39F-15881367811D}.Release|Any CPU.Build.0 = Release|Any CPU
		{BC0D1677-A55C-4129-B39F-15881367811D}.Tools|Any CPU.ActiveCfg = Tools|Any CPU
		{BC0D1677-A55C-4129-B39F-15881367811D}.Tools|Any CPU.Build.0 = Tools|Any CPU
	EndGlobalSection
EndGlobal
